
Microsoft Visual Studio Solution File, Format Version 12.00
# Visual Studio Version 17
VisualStudioVersion = 17.0.31903.59
MinimumVisualStudioVersion = 10.0.40219.1
Project("{FAE04EC0-301F-11D3-BF4B-00C04F79EFBC}") = "SensorX.Warehouse.Application", "SensorX.Warehouse.Application\SensorX.Warehouse.Application.csproj", "{454E6EDA-1ED1-4E76-A392-E6DB0AFD9EFB}"
EndProject
Project("{FAE04EC0-301F-11D3-BF4B-00C04F79EFBC}") = "SensorX.Warehouse.Domain", "SensorX.Warehouse.Domain\SensorX.Warehouse.Domain.csproj", "{D1CF8312-B166-4DDD-B88B-53DECF4E03C8}"
EndProject
Project("{FAE04EC0-301F-11D3-BF4B-00C04F79EFBC}") = "SensorX.Warehouse.Infrastructure", "SensorX.Warehouse.Infrastructure\SensorX.Warehouse.Infrastructure.csproj", "{91575110-9A62-4575-9E9F-075D5F6270C4}"
EndProject
Project("{FAE04EC0-301F-11D3-BF4B-00C04F79EFBC}") = "SensorX.Warehouse.WebApi", "SensorX.Warehouse.WebApi\SensorX.Warehouse.WebApi.csproj", "{D5A24B82-4750-4C51-B5BE-E5161871ADD0}"
EndProject
Project("{FAE04EC0-301F-11D3-BF4B-00C04F79EFBC}") = "SensorX.Warehouse.Domain.Tests", "SensorX.Warehouse.Domain.Tests\SensorX.Warehouse.Domain.Tests.csproj", "{90F41588-7868-4E9D-A3F9-8F25D760891F}"
EndProject
Global
	GlobalSection(SolutionConfigurationPlatforms) = preSolution
		Debug|Any CPU = Debug|Any CPU
		Debug|x64 = Debug|x64
		Debug|x86 = Debug|x86
		Release|Any CPU = Release|Any CPU
		Release|x64 = Release|x64
		Release|x86 = Release|x86
	EndGlobalSection
	GlobalSection(ProjectConfigurationPlatforms) = postSolution
		{454E6EDA-1ED1-4E76-A392-E6DB0AFD9EFB}.Debug|Any CPU.ActiveCfg = Debug|Any CPU
		{454E6EDA-1ED1-4E76-A392-E6DB0AFD9EFB}.Debug|Any CPU.Build.0 = Debug|Any CPU
		{454E6EDA-1ED1-4E76-A392-E6DB0AFD9EFB}.Debug|x64.ActiveCfg = Debug|Any CPU
		{454E6EDA-1ED1-4E76-A392-E6DB0AFD9EFB}.Debug|x64.Build.0 = Debug|Any CPU
		{454E6EDA-1ED1-4E76-A392-E6DB0AFD9EFB}.Debug|x86.ActiveCfg = Debug|Any CPU
		{454E6EDA-1ED1-4E76-A392-E6DB0AFD9EFB}.Debug|x86.Build.0 = Debug|Any CPU
		{454E6EDA-1ED1-4E76-A392-E6DB0AFD9EFB}.Release|Any CPU.ActiveCfg = Release|Any CPU
		{454E6EDA-1ED1-4E76-A392-E6DB0AFD9EFB}.Release|Any CPU.Build.0 = Release|Any CPU
		{454E6EDA-1ED1-4E76-A392-E6DB0AFD9EFB}.Release|x64.ActiveCfg = Release|Any CPU
		{454E6EDA-1ED1-4E76-A392-E6DB0AFD9EFB}.Release|x64.Build.0 = Release|Any CPU
		{454E6EDA-1ED1-4E76-A392-E6DB0AFD9EFB}.Release|x86.ActiveCfg = Release|Any CPU
		{454E6EDA-1ED1-4E76-A392-E6DB0AFD9EFB}.Release|x86.Build.0 = Release|Any CPU
		{D1CF8312-B166-4DDD-B88B-53DECF4E03C8}.Debug|Any CPU.ActiveCfg = Debug|Any CPU
		{D1CF8312-B166-4DDD-B88B-53DECF4E03C8}.Debug|Any CPU.Build.0 = Debug|Any CPU
		{D1CF8312-B166-4DDD-B88B-53DECF4E03C8}.Debug|x64.ActiveCfg = Debug|Any CPU
		{D1CF8312-B166-4DDD-B88B-53DECF4E03C8}.Debug|x64.Build.0 = Debug|Any CPU
		{D1CF8312-B166-4DDD-B88B-53DECF4E03C8}.Debug|x86.ActiveCfg = Debug|Any CPU
		{D1CF8312-B166-4DDD-B88B-53DECF4E03C8}.Debug|x86.Build.0 = Debug|Any CPU
		{D1CF8312-B166-4DDD-B88B-53DECF4E03C8}.Release|Any CPU.ActiveCfg = Release|Any CPU
		{D1CF8312-B166-4DDD-B88B-53DECF4E03C8}.Release|Any CPU.Build.0 = Release|Any CPU
		{D1CF8312-B166-4DDD-B88B-53DECF4E03C8}.Release|x64.ActiveCfg = Release|Any CPU
		{D1CF8312-B166-4DDD-B88B-53DECF4E03C8}.Release|x64.Build.0 = Release|Any CPU
		{D1CF8312-B166-4DDD-B88B-53DECF4E03C8}.Release|x86.ActiveCfg = Release|Any CPU
		{D1CF8312-B166-4DDD-B88B-53DECF4E03C8}.Release|x86.Build.0 = Release|Any CPU
		{91575110-9A62-4575-9E9F-075D5F6270C4}.Debug|Any CPU.ActiveCfg = Debug|Any CPU
		{91575110-9A62-4575-9E9F-075D5F6270C4}.Debug|Any CPU.Build.0 = Debug|Any CPU
		{91575110-9A62-4575-9E9F-075D5F6270C4}.Debug|x64.ActiveCfg = Debug|Any CPU
		{91575110-9A62-4575-9E9F-075D5F6270C4}.Debug|x64.Build.0 = Debug|Any CPU
		{91575110-9A62-4575-9E9F-075D5F6270C4}.Debug|x86.ActiveCfg = Debug|Any CPU
		{91575110-9A62-4575-9E9F-075D5F6270C4}.Debug|x86.Build.0 = Debug|Any CPU
		{91575110-9A62-4575-9E9F-075D5F6270C4}.Release|Any CPU.ActiveCfg = Release|Any CPU
		{91575110-9A62-4575-9E9F-075D5F6270C4}.Release|Any CPU.Build.0 = Release|Any CPU
		{91575110-9A62-4575-9E9F-075D5F6270C4}.Release|x64.ActiveCfg = Release|Any CPU
		{91575110-9A62-4575-9E9F-075D5F6270C4}.Release|x64.Build.0 = Release|Any CPU
		{91575110-9A62-4575-9E9F-075D5F6270C4}.Release|x86.ActiveCfg = Release|Any CPU
		{91575110-9A62-4575-9E9F-075D5F6270C4}.Release|x86.Build.0 = Release|Any CPU
		{D5A24B82-4750-4C51-B5BE-E5161871ADD0}.Debug|Any CPU.ActiveCfg = Debug|Any CPU
		{D5A24B82-4750-4C51-B5BE-E5161871ADD0}.Debug|Any CPU.Build.0 = Debug|Any CPU
		{D5A24B82-4750-4C51-B5BE-E5161871ADD0}.Debug|x64.ActiveCfg = Debug|Any CPU
		{D5A24B82-4750-4C51-B5BE-E5161871ADD0}.Debug|x64.Build.0 = Debug|Any CPU
		{D5A24B82-4750-4C51-B5BE-E5161871ADD0}.Debug|x86.ActiveCfg = Debug|Any CPU
		{D5A24B82-4750-4C51-B5BE-E5161871ADD0}.Debug|x86.Build.0 = Debug|Any CPU
		{D5A24B82-4750-4C51-B5BE-E5161871ADD0}.Release|Any CPU.ActiveCfg = Release|Any CPU
		{D5A24B82-4750-4C51-B5BE-E5161871ADD0}.Release|Any CPU.Build.0 = Release|Any CPU
		{D5A24B82-4750-4C51-B5BE-E5161871ADD0}.Release|x64.ActiveCfg = Release|Any CPU
		{D5A24B82-4750-4C51-B5BE-E5161871ADD0}.Release|x64.Build.0 = Release|Any CPU
		{D5A24B82-4750-4C51-B5BE-E5161871ADD0}.Release|x86.ActiveCfg = Release|Any CPU
		{D5A24B82-4750-4C51-B5BE-E5161871ADD0}.Release|x86.Build.0 = Release|Any CPU
		{90F41588-7868-4E9D-A3F9-8F25D760891F}.Debug|Any CPU.ActiveCfg = Debug|Any CPU
		{90F41588-7868-4E9D-A3F9-8F25D760891F}.Debug|Any CPU.Build.0 = Debug|Any CPU
		{90F41588-7868-4E9D-A3F9-8F25D760891F}.Debug|x64.ActiveCfg = Debug|Any CPU
		{90F41588-7868-4E9D-A3F9-8F25D760891F}.Debug|x64.Build.0 = Debug|Any CPU
		{90F41588-7868-4E9D-A3F9-8F25D760891F}.Debug|x86.ActiveCfg = Debug|Any CPU
		{90F41588-7868-4E9D-A3F9-8F25D760891F}.Debug|x86.Build.0 = Debug|Any CPU
		{90F41588-7868-4E9D-A3F9-8F25D760891F}.Release|Any CPU.ActiveCfg = Release|Any CPU
		{90F41588-7868-4E9D-A3F9-8F25D760891F}.Release|Any CPU.Build.0 = Release|Any CPU
		{90F41588-7868-4E9D-A3F9-8F25D760891F}.Release|x64.ActiveCfg = Release|Any CPU
		{90F41588-7868-4E9D-A3F9-8F25D760891F}.Release|x64.Build.0 = Release|Any CPU
		{90F41588-7868-4E9D-A3F9-8F25D760891F}.Release|x86.ActiveCfg = Release|Any CPU
		{90F41588-7868-4E9D-A3F9-8F25D760891F}.Release|x86.Build.0 = Release|Any CPU
	EndGlobalSection
	GlobalSection(SolutionProperties) = preSolution
		HideSolutionNode = FALSE
	EndGlobalSection
EndGlobal
